
Microsoft Visual Studio Solution File, Format Version 12.00
# Visual Studio Version 17
VisualStudioVersion = 17.10.35122.118
MinimumVisualStudioVersion = 10.0.40219.1
Project("{FAE04EC0-301F-11D3-BF4B-00C04F79EFBC}") = "Registration_Form_Simple", "Registration_Form_Simple\Registration_Form_Simple.csproj", "{11CCB5F5-6211-461C-A2A6-A9C3D90AE58C}"
EndProject
Global
	GlobalSection(SolutionConfigurationPlatforms) = preSolution
		Debug|Any CPU = Debug|Any CPU
		Release|Any CPU = Release|Any CPU
	EndGlobalSection
	GlobalSection(ProjectConfigurationPlatforms) = postSolution
		{11CCB5F5-6211-461C-A2A6-A9C3D90AE58C}.Debug|Any CPU.ActiveCfg = Debug|Any CPU
		{11CCB5F5-6211-461C-A2A6-A9C3D90AE58C}.Debug|Any CPU.Build.0 = Debug|Any CPU
		{11CCB5F5-6211-461C-A2A6-A9C3D90AE58C}.Release|Any CPU.ActiveCfg = Release|Any CPU
		{11CCB5F5-6211-461C-A2A6-A9C3D90AE58C}.Release|Any CPU.Build.0 = Release|Any CPU
	EndGlobalSection
	GlobalSection(SolutionProperties) = preSolution
		HideSolutionNode = FALSE
	EndGlobalSection
	GlobalSection(ExtensibilityGlobals) = postSolution
		SolutionGuid = {81CED0B7-2B99-462B-9E3D-8C415F9D1761}
	EndGlobalSection
EndGlobal
